schema: '2.0'
stages:
  load_data:
    cmd: python src/load_data.py --config=params.yaml
    deps:
    - path: source_code/insurance_course5i.csv
      md5: 0901b434e74ea2297dc3aa943d12a4f9
      size: 38036
    - path: src/get_data.py
      md5: 5f0dfd76d5dafaaeea82d5b85250e720
      size: 696
    - path: src/load_data.py
      md5: 7b76f758cefa5250998bba79149e740d
      size: 694
    outs:
    - path: data/raw/insurance_course5i.csv
      md5: 0901b434e74ea2297dc3aa943d12a4f9
      size: 38036
  split_data:
    cmd: python src/split_data.py --config=params.yaml
    deps:
    - path: data/raw/insurance_course5i.csv
      md5: 0901b434e74ea2297dc3aa943d12a4f9
      size: 38036
    - path: src/split_data.py
      md5: 568035c0ed54171ed2bae7437e145db4
      size: 1080
    outs:
    - path: data/processed/test_insurance_course5i.csv
      md5: daa29a3c336ca647b82532c2d6286385
      size: 7642
    - path: data/processed/train_insurance_course5i.csv
      md5: 640b81740af906b0621c1862be5b5085
      size: 30438
